
Microsoft Visual Studio Solution File, Format Version 12.00
# Visual Studio 15
VisualStudioVersion = 15.0.27703.2042
MinimumVisualStudioVersion = 10.0.40219.1
Project("{FAE04EC0-301F-11D3-BF4B-00C04F79EFBC}") = "Contacts", "Contacts\Contacts.csproj", "{50110089-2D23-4EB6-89E2-37ACB9357808}"
EndProject
Global
	GlobalSection(SolutionConfigurationPlatforms) = preSolution
		Debug|Any CPU = Debug|Any CPU
		Release|Any CPU = Release|Any CPU
	EndGlobalSection
	GlobalSection(ProjectConfigurationPlatforms) = postSolution
		{50110089-2D23-4EB6-89E2-37ACB9357808}.Debug|Any CPU.ActiveCfg = Debug|Any CPU
		{50110089-2D23-4EB6-89E2-37ACB9357808}.Debug|Any CPU.Build.0 = Debug|Any CPU
		{50110089-2D23-4EB6-89E2-37ACB9357808}.Release|Any CPU.ActiveCfg = Release|Any CPU
		{50110089-2D23-4EB6-89E2-37ACB9357808}.Release|Any CPU.Build.0 = Release|Any CPU
	EndGlobalSection
	GlobalSection(SolutionProperties) = preSolution
		HideSolutionNode = FALSE
	EndGlobalSection
	GlobalSection(ExtensibilityGlobals) = postSolution
		SolutionGuid = {FB35C143-2241-4274-9AF0-66BAE1670131}
	EndGlobalSection
EndGlobal
